{
  "name": "skylines",
  "version": "0.0.0",
  "lockfileVersion": 3,
  "requires": true,
  "packages": {
    "": {
      "name": "skylines",
      "version": "0.0.0",
      "dependencies": {
        "three": "file:../../tmp/three-0.186.1.tgz"
      },
      "engines": {
        "node": ">=20.19"
      }
    },
    "node_modules/three": {
      "version": "0.186.1",
      "resolved": "file:../../tmp/three-0.186.1.tgz",
      "integrity": "sha512-blFeqb49wRCSGUGj7gtpfnSGHy2lwDk94RhUmS1c/hTby70kvChbWpkJ4Pm1390LqzzvTmzgXKHPEafJwCb8jA==",
      "license": "MIT"
    }
  }
}
